
Microsoft Visual Studio Solution File, Format Version 12.00
# Visual Studio 15
Project("{FAE04EC0-301F-11D3-BF4B-00C04F79EFBC}") = "JokeCentral", "JokeCentral\JokeCentral.csproj", "{C0571DEC-824C-4CD0-8226-2324D6AB1592}"
EndProject
Global
	GlobalSection(SolutionConfigurationPlatforms) = preSolution
		Debug|Any CPU = Debug|Any CPU
		Release|Any CPU = Release|Any CPU
	EndGlobalSection
	GlobalSection(ProjectConfigurationPlatforms) = postSolution
		{C0571DEC-824C-4CD0-8226-2324D6AB1592}.Debug|Any CPU.ActiveCfg = Debug|Any CPU
		{C0571DEC-824C-4CD0-8226-2324D6AB1592}.Debug|Any CPU.Build.0 = Debug|Any CPU
		{C0571DEC-824C-4CD0-8226-2324D6AB1592}.Release|Any CPU.ActiveCfg = Release|Any CPU
		{C0571DEC-824C-4CD0-8226-2324D6AB1592}.Release|Any CPU.Build.0 = Release|Any CPU
	EndGlobalSection
EndGlobal
